
Microsoft Visual Studio Solution File, Format Version 12.00
# Visual Studio Version 17
VisualStudioVersion = 17.7.34202.233
MinimumVisualStudioVersion = 10.0.40219.1
Project("{FAE04EC0-301F-11D3-BF4B-00C04F79EFBC}") = "StudentsData", "StudentsData\StudentsData.csproj", "{7E56386C-7F42-441C-A94C-654BF41E3AC9}"
EndProject
Global
	GlobalSection(SolutionConfigurationPlatforms) = preSolution
		Debug|Any CPU = Debug|Any CPU
		Release|Any CPU = Release|Any CPU
	EndGlobalSection
	GlobalSection(ProjectConfigurationPlatforms) = postSolution
		{7E56386C-7F42-441C-A94C-654BF41E3AC9}.Debug|Any CPU.ActiveCfg = Debug|Any CPU
		{7E56386C-7F42-441C-A94C-654BF41E3AC9}.Debug|Any CPU.Build.0 = Debug|Any CPU
		{7E56386C-7F42-441C-A94C-654BF41E3AC9}.Release|Any CPU.ActiveCfg = Release|Any CPU
		{7E56386C-7F42-441C-A94C-654BF41E3AC9}.Release|Any CPU.Build.0 = Release|Any CPU
	EndGlobalSection
	GlobalSection(SolutionProperties) = preSolution
		HideSolutionNode = FALSE
	EndGlobalSection
	GlobalSection(ExtensibilityGlobals) = postSolution
		SolutionGuid = {CF5FE9D8-9DFF-44BB-9023-31BBBCEAE558}
	EndGlobalSection
EndGlobal
